{
    "name": "descope-scripts",
    "version": "0.1.0",
    "lockfileVersion": 3,
    "requires": true,
    "packages": {
        "": {
            "name": "descope-scripts",
            "version": "0.1.0",
            "dependencies": {
                "@descope/node-sdk": "^1.6.8",
                "fs": "^0.0.1-security"
            },
            "devDependencies": {}
        },
        "node_modules/@descope/core-js-sdk": {
            "version": "2.12.0",
            "resolved": "https://registry.npmjs.org/@descope/core-js-sdk/-/core-js-sdk-2.12.0.tgz",
            "integrity": "sha512-3S1D2I95Lv6qcsv3YNISi8OPB+fP9NUBok/soxJgLMvPCFt7lg16/mscF4aa5olhz6RKX2uo49PfRPcNgfiYOQ==",
            "dependencies": {
                "jwt-decode": "3.1.2"
            }
        },
        "node_modules/@descope/node-sdk": {
            "version": "1.6.8",
            "resolved": "https://registry.npmjs.org/@descope/node-sdk/-/node-sdk-1.6.8.tgz",
            "integrity": "sha512-TrBQjJeZP+AMEnLQErXXUq+nsLUkqTsKnfMEKlUV0wacz0r1vu1lIY6jgStK16Qmo69F/CB13J8GKJaKXXz6IA==",
            "dependencies": {
                "@descope/core-js-sdk": "2.12.0",
                "cross-fetch": "^4.0.0",
                "jose": "5.2.2",
                "tslib": "^2.0.0"
            },
            "engines": {
                "node": ">= 12.0.0"
            }
        },
        "node_modules/cross-fetch": {
            "version": "4.0.0",
            "resolved": "https://registry.npmjs.org/cross-fetch/-/cross-fetch-4.0.0.tgz",
            "integrity": "sha512-e4a5N8lVvuLgAWgnCrLr2PP0YyDOTHa9H/Rj54dirp61qXnNq46m82bRhNqIA5VccJtWBvPTFRV3TtvHUKPB1g==",
            "dependencies": {
                "node-fetch": "^2.6.12"
            }
        },
        "node_modules/fs": {
            "version": "0.0.1-security",
            "resolved": "https://registry.npmjs.org/fs/-/fs-0.0.1-security.tgz",
            "integrity": "sha512-3XY9e1pP0CVEUCdj5BmfIZxRBTSDycnbqhIOGec9QYtmVH2fbLpj86CFWkrNOkt/Fvty4KZG5lTglL9j/gJ87w=="
        },
        "node_modules/jose": {
            "version": "5.2.2",
            "resolved": "https://registry.npmjs.org/jose/-/jose-5.2.2.tgz",
            "integrity": "sha512-/WByRr4jDcsKlvMd1dRJnPfS1GVO3WuKyaurJ/vvXcOaUQO8rnNObCQMlv/5uCceVQIq5Q4WLF44ohsdiTohdg==",
            "funding": {
                "url": "https://github.com/sponsors/panva"
            }
        },
        "node_modules/jwt-decode": {
            "version": "3.1.2",
            "resolved": "https://registry.npmjs.org/jwt-decode/-/jwt-decode-3.1.2.tgz",
            "integrity": "sha512-UfpWE/VZn0iP50d8cz9NrZLM9lSWhcJ+0Gt/nm4by88UL+J1SiKN8/5dkjMmbEzwL2CAe+67GsegCbIKtbp75A=="
        },
        "node_modules/node-fetch": {
            "version": "2.7.0",
            "resolved": "https://registry.npmjs.org/node-fetch/-/node-fetch-2.7.0.tgz",
            "integrity": "sha512-c4FRfUm/dbcWZ7U+1Wq0AwCyFL+3nt2bEw05wfxSz+DWpWsitgmSgYmy2dQdWyKC1694ELPqMs/YzUSNozLt8A==",
            "dependencies": {
                "whatwg-url": "^5.0.0"
            },
            "engines": {
                "node": "4.x || >=6.0.0"
            },
            "peerDependencies": {
                "encoding": "^0.1.0"
            },
            "peerDependenciesMeta": {
                "encoding": {
                    "optional": true
                }
            }
        },
        "node_modules/tr46": {
            "version": "0.0.3",
            "resolved": "https://registry.npmjs.org/tr46/-/tr46-0.0.3.tgz",
            "integrity": "sha512-N3WMsuqV66lT30CrXNbEjx4GEwlow3v6rr4mCcv6prnfwhS01rkgyFdjPNBYd9br7LpXV1+Emh01fHnq2Gdgrw=="
        },
        "node_modules/tslib": {
            "version": "2.6.3",
            "resolved": "https://registry.npmjs.org/tslib/-/tslib-2.6.3.tgz",
            "integrity": "sha512-xNvxJEOUiWPGhUuUdQgAJPKOOJfGnIyKySOc09XkKsgdUV/3E2zvwZYdejjmRgPCgcym1juLH3226yA7sEFJKQ=="
        },
        "node_modules/webidl-conversions": {
            "version": "3.0.1",
            "resolved": "https://registry.npmjs.org/webidl-conversions/-/webidl-conversions-3.0.1.tgz",
            "integrity": "sha512-2JAn3z8AR6rjK8Sm8orRC0h/bcl/DqL7tRPdGZ4I1CjdF+EaMLmYxBHyXuKL849eucPFhvBoxMsflfOb8kxaeQ=="
        },
        "node_modules/whatwg-url": {
            "version": "5.0.0",
            "resolved": "https://registry.npmjs.org/whatwg-url/-/whatwg-url-5.0.0.tgz",
            "integrity": "sha512-saE57nupxk6v3HY35+jzBwYa0rKSy0XR8JSxZPwgLr7ys0IBzhGviA1/TUGJLmSVqs8pb9AnvICXEuOHLprYTw==",
            "dependencies": {
                "tr46": "~0.0.3",
                "webidl-conversions": "^3.0.0"
            }
        }
    }
}
